
Microsoft Visual Studio Solution File, Format Version 12.00
# Visual Studio Version 17
VisualStudioVersion = 17.1.32421.90
MinimumVisualStudioVersion = 10.0.40219.1
Project("{FAE04EC0-301F-11D3-BF4B-00C04F79EFBC}") = "ShapesBalanceXamFormsApp.Android", "ShapesBalanceXamFormsApp.Android\ShapesBalanceXamFormsApp.Android.csproj", "{52CEAB00-2014-4FEA-ADD8-D7998A9DBB1A}"
EndProject
Project("{FAE04EC0-301F-11D3-BF4B-00C04F79EFBC}") = "ShapesBalanceXamFormsApp.iOS", "ShapesBalanceXamFormsApp.iOS\ShapesBalanceXamFormsApp.iOS.csproj", "{6884775B-3DB1-4A79-80AC-4714213E5E38}"
EndProject
Project("{9A19103F-16F7-4668-BE54-9A1E7A4F7556}") = "ShapesBalanceXamFormsApp", "ShapesBalanceXamFormsApp\ShapesBalanceXamFormsApp.csproj", "{5217D1A5-2F63-4EE5-9652-774BE24B1D00}"
EndProject
Global
	GlobalSection(SolutionConfigurationPlatforms) = preSolution
		Debug|Any CPU = Debug|Any CPU
		Debug|iPhone = Debug|iPhone
		Debug|iPhoneSimulator = Debug|iPhoneSimulator
		Release|Any CPU = Release|Any CPU
		Release|iPhone = Release|iPhone
		Release|iPhoneSimulator = Release|iPhoneSimulator
	EndGlobalSection
	GlobalSection(ProjectConfigurationPlatforms) = postSolution
		{52CEAB00-2014-4FEA-ADD8-D7998A9DBB1A}.Debug|Any CPU.ActiveCfg = Debug|Any CPU
		{52CEAB00-2014-4FEA-ADD8-D7998A9DBB1A}.Debug|Any CPU.Build.0 = Debug|Any CPU
		{52CEAB00-2014-4FEA-ADD8-D7998A9DBB1A}.Debug|Any CPU.Deploy.0 = Debug|Any CPU
		{52CEAB00-2014-4FEA-ADD8-D7998A9DBB1A}.Debug|iPhone.ActiveCfg = Debug|Any CPU
		{52CEAB00-2014-4FEA-ADD8-D7998A9DBB1A}.Debug|iPhone.Build.0 = Debug|Any CPU
		{52CEAB00-2014-4FEA-ADD8-D7998A9DBB1A}.Debug|iPhoneSimulator.ActiveCfg = Debug|Any CPU
		{52CEAB00-2014-4FEA-ADD8-D7998A9DBB1A}.Debug|iPhoneSimulator.Build.0 = Debug|Any CPU
		{52CEAB00-2014-4FEA-ADD8-D7998A9DBB1A}.Release|Any CPU.ActiveCfg = Release|Any CPU
		{52CEAB00-2014-4FEA-ADD8-D7998A9DBB1A}.Release|Any CPU.Build.0 = Release|Any CPU
		{52CEAB00-2014-4FEA-ADD8-D7998A9DBB1A}.Release|iPhone.ActiveCfg = Release|Any CPU
		{52CEAB00-2014-4FEA-ADD8-D7998A9DBB1A}.Release|iPhone.Build.0 = Release|Any CPU
		{52CEAB00-2014-4FEA-ADD8-D7998A9DBB1A}.Release|iPhoneSimulator.ActiveCfg = Release|Any CPU
		{52CEAB00-2014-4FEA-ADD8-D7998A9DBB1A}.Release|iPhoneSimulator.Build.0 = Release|Any CPU
		{6884775B-3DB1-4A79-80AC-4714213E5E38}.Debug|Any CPU.ActiveCfg = Debug|iPhoneSimulator
		{6884775B-3DB1-4A79-80AC-4714213E5E38}.Debug|Any CPU.Build.0 = Debug|iPhoneSimulator
		{6884775B-3DB1-4A79-80AC-4714213E5E38}.Debug|iPhone.ActiveCfg = Debug|iPhone
		{6884775B-3DB1-4A79-80AC-4714213E5E38}.Debug|iPhone.Build.0 = Debug|iPhone
		{6884775B-3DB1-4A79-80AC-4714213E5E38}.Debug|iPhoneSimulator.ActiveCfg = Debug|iPhoneSimulator
		{6884775B-3DB1-4A79-80AC-4714213E5E38}.Debug|iPhoneSimulator.Build.0 = Debug|iPhoneSimulator
		{6884775B-3DB1-4A79-80AC-4714213E5E38}.Release|Any CPU.ActiveCfg = Release|iPhoneSimulator
		{6884775B-3DB1-4A79-80AC-4714213E5E38}.Release|Any CPU.Build.0 = Release|iPhoneSimulator
		{6884775B-3DB1-4A79-80AC-4714213E5E38}.Release|iPhone.ActiveCfg = Release|iPhone
		{6884775B-3DB1-4A79-80AC-4714213E5E38}.Release|iPhone.Build.0 = Release|iPhone
		{6884775B-3DB1-4A79-80AC-4714213E5E38}.Release|iPhoneSimulator.ActiveCfg = Release|iPhoneSimulator
		{6884775B-3DB1-4A79-80AC-4714213E5E38}.Release|iPhoneSimulator.Build.0 = Release|iPhoneSimulator
		{5217D1A5-2F63-4EE5-9652-774BE24B1D00}.Debug|Any CPU.ActiveCfg = Debug|Any CPU
		{5217D1A5-2F63-4EE5-9652-774BE24B1D00}.Debug|Any CPU.Build.0 = Debug|Any CPU
		{5217D1A5-2F63-4EE5-9652-774BE24B1D00}.Debug|iPhone.ActiveCfg = Debug|Any CPU
		{5217D1A5-2F63-4EE5-9652-774BE24B1D00}.Debug|iPhone.Build.0 = Debug|Any CPU
		{5217D1A5-2F63-4EE5-9652-774BE24B1D00}.Debug|iPhoneSimulator.ActiveCfg = Debug|Any CPU
		{5217D1A5-2F63-4EE5-9652-774BE24B1D00}.Debug|iPhoneSimulator.Build.0 = Debug|Any CPU
		{5217D1A5-2F63-4EE5-9652-774BE24B1D00}.Release|Any CPU.ActiveCfg = Release|Any CPU
		{5217D1A5-2F63-4EE5-9652-774BE24B1D00}.Release|Any CPU.Build.0 = Release|Any CPU
		{5217D1A5-2F63-4EE5-9652-774BE24B1D00}.Release|iPhone.ActiveCfg = Release|Any CPU
		{5217D1A5-2F63-4EE5-9652-774BE24B1D00}.Release|iPhone.Build.0 = Release|Any CPU
		{5217D1A5-2F63-4EE5-9652-774BE24B1D00}.Release|iPhoneSimulator.ActiveCfg = Release|Any CPU
		{5217D1A5-2F63-4EE5-9652-774BE24B1D00}.Release|iPhoneSimulator.Build.0 = Release|Any CPU
	EndGlobalSection
	GlobalSection(SolutionProperties) = preSolution
		HideSolutionNode = FALSE
	EndGlobalSection
	GlobalSection(ExtensibilityGlobals) = postSolution
		SolutionGuid = {FB878221-4D3D-4A85-B861-92A8D8F72BF2}
	EndGlobalSection
EndGlobal
